
Microsoft Visual Studio Solution File, Format Version 12.00
# Visual Studio 15
VisualStudioVersion = 15.0.27004.2002
MinimumVisualStudioVersion = 10.0.40219.1
Project("{FAE04EC0-301F-11D3-BF4B-00C04F79EFBC}") = "MIE444Robot", "MIE444Robot\MIE444Robot.csproj", "{1B05E538-A20E-4050-8C2C-66FC9DA97E9D}"
EndProject
Global
	GlobalSection(SolutionConfigurationPlatforms) = preSolution
		Debug|Any CPU = Debug|Any CPU
		Release|Any CPU = Release|Any CPU
	EndGlobalSection
	GlobalSection(ProjectConfigurationPlatforms) = postSolution
		{1B05E538-A20E-4050-8C2C-66FC9DA97E9D}.Debug|Any CPU.ActiveCfg = Debug|Any CPU
		{1B05E538-A20E-4050-8C2C-66FC9DA97E9D}.Debug|Any CPU.Build.0 = Debug|Any CPU
		{1B05E538-A20E-4050-8C2C-66FC9DA97E9D}.Release|Any CPU.ActiveCfg = Release|Any CPU
		{1B05E538-A20E-4050-8C2C-66FC9DA97E9D}.Release|Any CPU.Build.0 = Release|Any CPU
	EndGlobalSection
	GlobalSection(SolutionProperties) = preSolution
		HideSolutionNode = FALSE
	EndGlobalSection
	GlobalSection(ExtensibilityGlobals) = postSolution
		SolutionGuid = {A1F0D303-B95B-4C60-B745-9C37EA5001A6}
	EndGlobalSection
EndGlobal
